// !$*UTF8*$!
{
	archiveVersion = 1;
	classes = {
	};
	objectVersion = 50;
	objects = {

/* Begin PBXBuildFile section */
		AE1FC3552558D14F001EC72B /* main.swift in Sources */ = {isa = PBXBuildFile; fileRef = AE1FC3542558D14F001EC72B /* main.swift */; };
		AE1FC35D2558D22E001EC72B /* P1.m1 - array practice.swift in Sources */ = {isa = PBXBuildFile; fileRef = AE1FC35C2558D22E001EC72B /* P1.m1 - array practice.swift */; };
		AE1FC360255907C8001EC72B /* P1.m2 - setBoolArray.swift in Sources */ = {isa = PBXBuildFile; fileRef = AE1FC35F255907C8001EC72B /* P1.m2 - setBoolArray.swift */; };
		AE1FC36325590F89001EC72B /* P1.m3 - magicSquare.swift in Sources */ = {isa = PBXBuildFile; fileRef = AE1FC36225590F89001EC72B /* P1.m3 - magicSquare.swift */; };
		AE1FC36625594BB5001EC72B /* P2 - IDValidator.swift in Sources */ = {isa = PBXBuildFile; fileRef = AE1FC36525594BB5001EC72B /* P2 - IDValidator.swift */; };
		AE1FC36925598241001EC72B /* P3 - passwordValidator.swift in Sources */ = {isa = PBXBuildFile; fileRef = AE1FC36825598241001EC72B /* P3 - passwordValidator.swift */; };
		AE1FC36C25598820001EC72B /* P4 - residentNum.swift in Sources */ = {isa = PBXBuildFile; fileRef = AE1FC36B25598820001EC72B /* P4 - residentNum.swift */; };
/* End PBXBuildFile section */

/* Begin PBXCopyFilesBuildPhase section */
		AE1FC34F2558D14F001EC72B /* CopyFiles */ = {
			isa = PBXCopyFilesBuildPhase;
			buildActionMask = 2147483647;
			dstPath = /usr/share/man/man1/;
			dstSubfolderSpec = 0;
			files = (
			);
			runOnlyForDeploymentPostprocessing = 1;
		};
/* End PBXCopyFilesBuildPhase section */

/* Begin PBXFileReference section */
		AE1FC3512558D14F001EC72B /* week 2-1 */ = {isa = PBXFileReference; explicitFileType = "compiled.mach-o.executable"; includeInIndex = 0; path = "week 2-1"; sourceTree = BUILT_PRODUCTS_DIR; };
		AE1FC3542558D14F001EC72B /* main.swift */ = {isa = PBXFileReference; lastKnownFileType = sourcecode.swift; path = main.swift; sourceTree = "<group>"; };
		AE1FC35C2558D22E001EC72B /* P1.m1 - array practice.swift */ = {isa = PBXFileReference; lastKnownFileType = sourcecode.swift; path = "P1.m1 - array practice.swift"; sourceTree = "<group>"; };
		AE1FC35F255907C8001EC72B /* P1.m2 - setBoolArray.swift */ = {isa = PBXFileReference; lastKnownFileType = sourcecode.swift; path = "P1.m2 - setBoolArray.swift"; sourceTree = "<group>"; };
		AE1FC36225590F89001EC72B /* P1.m3 - magicSquare.swift */ = {isa = PBXFileReference; lastKnownFileType = sourcecode.swift; path = "P1.m3 - magicSquare.swift"; sourceTree = "<group>"; };
		AE1FC36525594BB5001EC72B /* P2 - IDValidator.swift */ = {isa = PBXFileReference; lastKnownFileType = sourcecode.swift; path = "P2 - IDValidator.swift"; sourceTree = "<group>"; };
		AE1FC36825598241001EC72B /* P3 - passwordValidator.swift */ = {isa = PBXFileReference; lastKnownFileType = sourcecode.swift; path = "P3 - passwordValidator.swift"; sourceTree = "<group>"; };
		AE1FC36B25598820001EC72B /* P4 - residentNum.swift */ = {isa = PBXFileReference; lastKnownFileType = sourcecode.swift; path = "P4 - residentNum.swift"; sourceTree = "<group>"; };
/* End PBXFileReference section */

/* Begin PBXFrameworksBuildPhase section */
		AE1FC34E2558D14F001EC72B /* Frameworks */ = {
			isa = PBXFrameworksBuildPhase;
			buildActionMask = 2147483647;
			files = (
			);
			runOnlyForDeploymentPostprocessing = 0;
		};
/* End PBXFrameworksBuildPhase section */

/* Begin PBXGroup section */
		AE1FC3482558D14F001EC72B = {
			isa = PBXGroup;
			children = (
				AE1FC3532558D14F001EC72B /* week 2-1 */,
				AE1FC3522558D14F001EC72B /* Products */,
			);
			sourceTree = "<group>";
		};
		AE1FC3522558D14F001EC72B /* Products */ = {
			isa = PBXGroup;
			children = (
				AE1FC3512558D14F001EC72B /* week 2-1 */,
			);
			name = Products;
			sourceTree = "<group>";
		};
		AE1FC3532558D14F001EC72B /* week 2-1 */ = {
			isa = PBXGroup;
			children = (
				AE1FC3542558D14F001EC72B /* main.swift */,
				AE1FC35C2558D22E001EC72B /* P1.m1 - array practice.swift */,
				AE1FC35F255907C8001EC72B /* P1.m2 - setBoolArray.swift */,
				AE1FC36225590F89001EC72B /* P1.m3 - magicSquare.swift */,
				AE1FC36525594BB5001EC72B /* P2 - IDValidator.swift */,
				AE1FC36825598241001EC72B /* P3 - passwordValidator.swift */,
				AE1FC36B25598820001EC72B /* P4 - residentNum.swift */,
			);
			path = "week 2-1";
			sourceTree = "<group>";
		};
/* End PBXGroup section */

/* Begin PBXNativeTarget section */
		AE1FC3502558D14F001EC72B /* week 2-1 */ = {
			isa = PBXNativeTarget;
			buildConfigurationList = AE1FC3582558D14F001EC72B /* Build configuration list for PBXNativeTarget "week 2-1" */;
			buildPhases = (
				AE1FC34D2558D14F001EC72B /* Sources */,
				AE1FC34E2558D14F001EC72B /* Frameworks */,
				AE1FC34F2558D14F001EC72B /* CopyFiles */,
			);
			buildRules = (
			);
			dependencies = (
			);
			name = "week 2-1";
			productName = "week 2-1";
			productReference = AE1FC3512558D14F001EC72B /* week 2-1 */;
			productType = "com.apple.product-type.tool";
		};
/* End PBXNativeTarget section */

/* Begin PBXProject section */
		AE1FC3492558D14F001EC72B /* Project object */ = {
			isa = PBXProject;
			attributes = {
				LastSwiftUpdateCheck = 1210;
				LastUpgradeCheck = 1210;
				TargetAttributes = {
					AE1FC3502558D14F001EC72B = {
						CreatedOnToolsVersion = 12.1;
					};
				};
			};
			buildConfigurationList = AE1FC34C2558D14F001EC72B /* Build configuration list for PBXProject "week 2-1" */;
			compatibilityVersion = "Xcode 9.3";
			developmentRegion = en;
			hasScannedForEncodings = 0;
			knownRegions = (
				en,
				Base,
			);
			mainGroup = AE1FC3482558D14F001EC72B;
			productRefGroup = AE1FC3522558D14F001EC72B /* Products */;
			projectDirPath = "";
			projectRoot = "";
			targets = (
				AE1FC3502558D14F001EC72B /* week 2-1 */,
			);
		};
/* End PBXProject section */

/* Begin PBXSourcesBuildPhase section */
		AE1FC34D2558D14F001EC72B /* Sources */ = {
			isa = PBXSourcesBuildPhase;
			buildActionMask = 2147483647;
			files = (
				AE1FC36925598241001EC72B /* P3 - passwordValidator.swift in Sources */,
				AE1FC36625594BB5001EC72B /* P2 - IDValidator.swift in Sources */,
				AE1FC3552558D14F001EC72B /* main.swift in Sources */,
				AE1FC36C25598820001EC72B /* P4 - residentNum.swift in Sources */,
				AE1FC35D2558D22E001EC72B /* P1.m1 - array practice.swift in Sources */,
				AE1FC36325590F89001EC72B /* P1.m3 - magicSquare.swift in Sources */,
				AE1FC360255907C8001EC72B /* P1.m2 - setBoolArray.swift in Sources */,
			);
			runOnlyForDeploymentPostprocessing = 0;
		};
/* End PBXSourcesBuildPhase section */

/* Begin XCBuildConfiguration section */
		AE1FC3562558D14F001EC72B /* Debug */ = {
			isa = XCBuildConfiguration;
			buildSettings = {
				ALWAYS_SEARCH_USER_PATHS = NO;
				CLANG_ANALYZER_NONNULL = YES;
				CLANG_ANALYZER_NUMBER_OBJECT_CONVERSION = YES_AGGRESSIVE;
				CLANG_CXX_LANGUAGE_STANDARD = "gnu++14";
				CLANG_CXX_LIBRARY = "libc++";
				CLANG_ENABLE_MODULES = YES;
				CLANG_ENABLE_OBJC_ARC = YES;
				CLANG_ENABLE_OBJC_WEAK = YES;
				CLANG_WARN_BLOCK_CAPTURE_AUTORELEASING = YES;
				CLANG_WARN_BOOL_CONVERSION = YES;
				CLANG_WARN_COMMA = YES;
				CLANG_WARN_CONSTANT_CONVERSION = YES;
				CLANG_WARN_DEPRECATED_OBJC_IMPLEMENTATIONS = YES;
				CLANG_WARN_DIRECT_OBJC_ISA_USAGE = YES_ERROR;
				CLANG_WARN_DOCUMENTATION_COMMENTS = YES;
				CLANG_WARN_EMPTY_BODY = YES;
				CLANG_WARN_ENUM_CONVERSION = YES;
				CLANG_WARN_INFINITE_RECURSION = YES;
				CLANG_WARN_INT_CONVERSION = YES;
				CLANG_WARN_NON_LITERAL_NULL_CONVERSION = YES;
				CLANG_WARN_OBJC_IMPLICIT_RETAIN_SELF = YES;
				CLANG_WARN_OBJC_LITERAL_CONVERSION = YES;
				CLANG_WARN_OBJC_ROOT_CLASS = YES_ERROR;
				CLANG_WARN_QUOTED_INCLUDE_IN_FRAMEWORK_HEADER = YES;
				CLANG_WARN_RANGE_LOOP_ANALYSIS = YES;
				CLANG_WARN_STRICT_PROTOTYPES = YES;
				CLANG_WARN_SUSPICIOUS_MOVE = YES;
				CLANG_WARN_UNGUARDED_AVAILABILITY = YES_AGGRESSIVE;
				CLANG_WARN_UNREACHABLE_CODE = YES;
				CLANG_WARN__DUPLICATE_METHOD_MATCH = YES;
				COPY_PHASE_STRIP = NO;
				DEBUG_INFORMATION_FORMAT = dwarf;
				ENABLE_STRICT_OBJC_MSGSEND = YES;
				ENABLE_TESTABILITY = YES;
				GCC_C_LANGUAGE_STANDARD = gnu11;
				GCC_DYNAMIC_NO_PIC = NO;
				GCC_NO_COMMON_BLOCKS = YES;
				GCC_OPTIMIZATION_LEVEL = 0;
				GCC_PREPROCESSOR_DEFINITIONS = (
					"DEBUG=1",
					"$(inherited)",
				);
				GCC_WARN_64_TO_32_BIT_CONVERSION = YES;
				GCC_WARN_ABOUT_RETURN_TYPE = YES_ERROR;
				GCC_WARN_UNDECLARED_SELECTOR = YES;
				GCC_WARN_UNINITIALIZED_AUTOS = YES_AGGRESSIVE;
				GCC_WARN_UNUSED_FUNCTION = YES;
				GCC_WARN_UNUSED_VARIABLE = YES;
				MACOSX_DEPLOYMENT_TARGET = 10.15;
				MTL_ENABLE_DEBUG_INFO = INCLUDE_SOURCE;
				MTL_FAST_MATH = YES;
				ONLY_ACTIVE_ARCH = YES;
				SDKROOT = macosx;
				SWIFT_ACTIVE_COMPILATION_CONDITIONS = DEBUG;
				SWIFT_OPTIMIZATION_LEVEL = "-Onone";
			};
			name = Debug;
		};
		AE1FC3572558D14F001EC72B /* Release */ = {
			isa = XCBuildConfiguration;
			buildSettings = {
				ALWAYS_SEARCH_USER_PATHS = NO;
				CLANG_ANALYZER_NONNULL = YES;
				CLANG_ANALYZER_NUMBER_OBJECT_CONVERSION = YES_AGGRESSIVE;
				CLANG_CXX_LANGUAGE_STANDARD = "gnu++14";
				CLANG_CXX_LIBRARY = "libc++";
				CLANG_ENABLE_MODULES = YES;
				CLANG_ENABLE_OBJC_ARC = YES;
				CLANG_ENABLE_OBJC_WEAK = YES;
				CLANG_WARN_BLOCK_CAPTURE_AUTORELEASING = YES;
				CLANG_WARN_BOOL_CONVERSION = YES;
				CLANG_WARN_COMMA = YES;
				CLANG_WARN_CONSTANT_CONVERSION = YES;
				CLANG_WARN_DEPRECATED_OBJC_IMPLEMENTATIONS = YES;
				CLANG_WARN_DIRECT_OBJC_ISA_USAGE = YES_ERROR;
				CLANG_WARN_DOCUMENTATION_COMMENTS = YES;
				CLANG_WARN_EMPTY_BODY = YES;
				CLANG_WARN_ENUM_CONVERSION = YES;
				CLANG_WARN_INFINITE_RECURSION = YES;
				CLANG_WARN_INT_CONVERSION = YES;
				CLANG_WARN_NON_LITERAL_NULL_CONVERSION = YES;
				CLANG_WARN_OBJC_IMPLICIT_RETAIN_SELF = YES;
				CLANG_WARN_OBJC_LITERAL_CONVERSION = YES;
				CLANG_WARN_OBJC_ROOT_CLASS = YES_ERROR;
				CLANG_WARN_QUOTED_INCLUDE_IN_FRAMEWORK_HEADER = YES;
				CLANG_WARN_RANGE_LOOP_ANALYSIS = YES;
				CLANG_WARN_STRICT_PROTOTYPES = YES;
				CLANG_WARN_SUSPICIOUS_MOVE = YES;
				CLANG_WARN_UNGUARDED_AVAILABILITY = YES_AGGRESSIVE;
				CLANG_WARN_UNREACHABLE_CODE = YES;
				CLANG_WARN__DUPLICATE_METHOD_MATCH = YES;
				COPY_PHASE_STRIP = NO;
				DEBUG_INFORMATION_FORMAT = "dwarf-with-dsym";
				ENABLE_NS_ASSERTIONS = NO;
				ENABLE_STRICT_OBJC_MSGSEND = YES;
				GCC_C_LANGUAGE_STANDARD = gnu11;
				GCC_NO_COMMON_BLOCKS = YES;
				GCC_WARN_64_TO_32_BIT_CONVERSION = YES;
				GCC_WARN_ABOUT_RETURN_TYPE = YES_ERROR;
				GCC_WARN_UNDECLARED_SELECTOR = YES;
				GCC_WARN_UNINITIALIZED_AUTOS = YES_AGGRESSIVE;
				GCC_WARN_UNUSED_FUNCTION = YES;
				GCC_WARN_UNUSED_VARIABLE = YES;
				MACOSX_DEPLOYMENT_TARGET = 10.15;
				MTL_ENABLE_DEBUG_INFO = NO;
				MTL_FAST_MATH = YES;
				SDKROOT = macosx;
				SWIFT_COMPILATION_MODE = wholemodule;
				SWIFT_OPTIMIZATION_LEVEL = "-O";
			};
			name = Release;
		};
		AE1FC3592558D14F001EC72B /* Debug */ = {
			isa = XCBuildConfiguration;
			buildSettings = {
				CODE_SIGN_STYLE = Automatic;
				PRODUCT_NAME = "$(TARGET_NAME)";
				SWIFT_VERSION = 5.0;
			};
			name = Debug;
		};
		AE1FC35A2558D14F001EC72B /* Release */ = {
			isa = XCBuildConfiguration;
			buildSettings = {
				CODE_SIGN_STYLE = Automatic;
				PRODUCT_NAME = "$(TARGET_NAME)";
				SWIFT_VERSION = 5.0;
			};
			name = Release;
		};
/* End XCBuildConfiguration section */

/* Begin XCConfigurationList section */
		AE1FC34C2558D14F001EC72B /* Build configuration list for PBXProject "week 2-1" */ = {
			isa = XCConfigurationList;
			buildConfigurations = (
				AE1FC3562558D14F001EC72B /* Debug */,
				AE1FC3572558D14F001EC72B /* Release */,
			);
			defaultConfigurationIsVisible = 0;
			defaultConfigurationName = Release;
		};
		AE1FC3582558D14F001EC72B /* Build configuration list for PBXNativeTarget "week 2-1" */ = {
			isa = XCConfigurationList;
			buildConfigurations = (
				AE1FC3592558D14F001EC72B /* Debug */,
				AE1FC35A2558D14F001EC72B /* Release */,
			);
			defaultConfigurationIsVisible = 0;
			defaultConfigurationName = Release;
		};
/* End XCConfigurationList section */
	};
	rootObject = AE1FC3492558D14F001EC72B /* Project object */;
}
