// !$*UTF8*$!
{
	archiveVersion = 1;
	classes = {
	};
	objectVersion = 50;
	objects = {

/* Begin PBXBuildFile section */
		AE1DB30A2578CFA1005E4790 /* Bazzi OTF.otf in Resources */ = {isa = PBXBuildFile; fileRef = AE1DB3092578CFA1005E4790 /* Bazzi OTF.otf */; };
		AE1DB30D2578CFF5005E4790 /* Recipekorea 레코체 FONT.otf in Resources */ = {isa = PBXBuildFile; fileRef = AE1DB30C2578CFF5005E4790 /* Recipekorea 레코체 FONT.otf */; };
		AE1DB31325796B47005E4790 /* 너무 늦게 냈어.png in Resources */ = {isa = PBXBuildFile; fileRef = AE1DB31225796B47005E4790 /* 너무 늦게 냈어.png */; };
		AE1DB31625796CA0005E4790 /* 너무 일찍 냈어.png in Resources */ = {isa = PBXBuildFile; fileRef = AE1DB31525796C9F005E4790 /* 너무 일찍 냈어.png */; };
		AE1DB31925796CA7005E4790 /* 다시.png in Resources */ = {isa = PBXBuildFile; fileRef = AE1DB31825796CA7005E4790 /* 다시.png */; };
		AE1DB31D257990D1005E4790 /* MenuViewController.swift in Sources */ = {isa = PBXBuildFile; fileRef = AE1DB31C257990D1005E4790 /* MenuViewController.swift */; };
		AE2DA3712574C17300AC516B /* AppDelegate.swift in Sources */ = {isa = PBXBuildFile; fileRef = AE2DA3702574C17300AC516B /* AppDelegate.swift */; };
		AE2DA3732574C17300AC516B /* SceneDelegate.swift in Sources */ = {isa = PBXBuildFile; fileRef = AE2DA3722574C17300AC516B /* SceneDelegate.swift */; };
		AE2DA3752574C17300AC516B /* ViewController.swift in Sources */ = {isa = PBXBuildFile; fileRef = AE2DA3742574C17300AC516B /* ViewController.swift */; };
		AE2DA3782574C17300AC516B /* Main.storyboard in Resources */ = {isa = PBXBuildFile; fileRef = AE2DA3762574C17300AC516B /* Main.storyboard */; };
		AE2DA37A2574C17400AC516B /* Assets.xcassets in Resources */ = {isa = PBXBuildFile; fileRef = AE2DA3792574C17400AC516B /* Assets.xcassets */; };
		AE2DA37D2574C17400AC516B /* LaunchScreen.storyboard in Resources */ = {isa = PBXBuildFile; fileRef = AE2DA37B2574C17400AC516B /* LaunchScreen.storyboard */; };
		AE2DA3862574CAFC00AC516B /* Brain of RPC.swift in Sources */ = {isa = PBXBuildFile; fileRef = AE2DA3852574CAFC00AC516B /* Brain of RPC.swift */; };
		AE974B0B25788D7100B5A5DE /* READY?.png in Resources */ = {isa = PBXBuildFile; fileRef = AE974B0A25788D7100B5A5DE /* READY?.png */; };
		AE974B102578954300B5A5DE /* ready?!.png in Resources */ = {isa = PBXBuildFile; fileRef = AE974B0F2578954300B5A5DE /* ready?!.png */; };
		AE974B23257897E000B5A5DE /* 1.png in Resources */ = {isa = PBXBuildFile; fileRef = AE974B21257897DF00B5A5DE /* 1.png */; };
		AE974B28257897EE00B5A5DE /* 2.png in Resources */ = {isa = PBXBuildFile; fileRef = AE974B27257897EE00B5A5DE /* 2.png */; };
		AE974B2B2578983000B5A5DE /* 3.png in Resources */ = {isa = PBXBuildFile; fileRef = AE974B2A2578983000B5A5DE /* 3.png */; };
		AE974B372578AC3C00B5A5DE /* 종료!.png in Resources */ = {isa = PBXBuildFile; fileRef = AE974B362578AC3C00B5A5DE /* 종료!.png */; };
		AE974B3E2578AED100B5A5DE /* ready.png in Resources */ = {isa = PBXBuildFile; fileRef = AE974B3D2578AED100B5A5DE /* ready.png */; };
		AE974B412578CE1600B5A5DE /* 경기천년제목OTF_Medium.otf in Resources */ = {isa = PBXBuildFile; fileRef = AE974B402578CE1600B5A5DE /* 경기천년제목OTF_Medium.otf */; };
/* End PBXBuildFile section */

/* Begin PBXFileReference section */
		AE1DB3092578CFA1005E4790 /* Bazzi OTF.otf */ = {isa = PBXFileReference; lastKnownFileType = file; path = "Bazzi OTF.otf"; sourceTree = "<group>"; };
		AE1DB30C2578CFF5005E4790 /* Recipekorea 레코체 FONT.otf */ = {isa = PBXFileReference; lastKnownFileType = file; path = "Recipekorea 레코체 FONT.otf"; sourceTree = "<group>"; };
		AE1DB31225796B47005E4790 /* 너무 늦게 냈어.png */ = {isa = PBXFileReference; lastKnownFileType = image.png; path = "너무 늦게 냈어.png"; sourceTree = "<group>"; };
		AE1DB31525796C9F005E4790 /* 너무 일찍 냈어.png */ = {isa = PBXFileReference; lastKnownFileType = image.png; path = "너무 일찍 냈어.png"; sourceTree = "<group>"; };
		AE1DB31825796CA7005E4790 /* 다시.png */ = {isa = PBXFileReference; lastKnownFileType = image.png; path = "다시.png"; sourceTree = "<group>"; };
		AE1DB31C257990D1005E4790 /* MenuViewController.swift */ = {isa = PBXFileReference; lastKnownFileType = sourcecode.swift; path = MenuViewController.swift; sourceTree = "<group>"; };
		AE2DA36D2574C17300AC516B /* Rock Paper Scissors.app */ = {isa = PBXFileReference; explicitFileType = wrapper.application; includeInIndex = 0; path = "Rock Paper Scissors.app"; sourceTree = BUILT_PRODUCTS_DIR; };
		AE2DA3702574C17300AC516B /* AppDelegate.swift */ = {isa = PBXFileReference; lastKnownFileType = sourcecode.swift; path = AppDelegate.swift; sourceTree = "<group>"; };
		AE2DA3722574C17300AC516B /* SceneDelegate.swift */ = {isa = PBXFileReference; lastKnownFileType = sourcecode.swift; path = SceneDelegate.swift; sourceTree = "<group>"; };
		AE2DA3742574C17300AC516B /* ViewController.swift */ = {isa = PBXFileReference; lastKnownFileType = sourcecode.swift; path = ViewController.swift; sourceTree = "<group>"; };
		AE2DA3772574C17300AC516B /* Base */ = {isa = PBXFileReference; lastKnownFileType = file.storyboard; name = Base; path = Base.lproj/Main.storyboard; sourceTree = "<group>"; };
		AE2DA3792574C17400AC516B /* Assets.xcassets */ = {isa = PBXFileReference; lastKnownFileType = folder.assetcatalog; path = Assets.xcassets; sourceTree = "<group>"; };
		AE2DA37C2574C17400AC516B /* Base */ = {isa = PBXFileReference; lastKnownFileType = file.storyboard; name = Base; path = Base.lproj/LaunchScreen.storyboard; sourceTree = "<group>"; };
		AE2DA37E2574C17400AC516B /* Info.plist */ = {isa = PBXFileReference; lastKnownFileType = text.plist.xml; path = Info.plist; sourceTree = "<group>"; };
		AE2DA3852574CAFC00AC516B /* Brain of RPC.swift */ = {isa = PBXFileReference; lastKnownFileType = sourcecode.swift; path = "Brain of RPC.swift"; sourceTree = "<group>"; };
		AE974B0A25788D7100B5A5DE /* READY?.png */ = {isa = PBXFileReference; lastKnownFileType = image.png; path = "READY?.png"; sourceTree = "<group>"; };
		AE974B0F2578954300B5A5DE /* ready?!.png */ = {isa = PBXFileReference; lastKnownFileType = image.png; path = "ready?!.png"; sourceTree = "<group>"; };
		AE974B21257897DF00B5A5DE /* 1.png */ = {isa = PBXFileReference; lastKnownFileType = image.png; path = 1.png; sourceTree = "<group>"; };
		AE974B27257897EE00B5A5DE /* 2.png */ = {isa = PBXFileReference; lastKnownFileType = image.png; path = 2.png; sourceTree = "<group>"; };
		AE974B2A2578983000B5A5DE /* 3.png */ = {isa = PBXFileReference; lastKnownFileType = image.png; path = 3.png; sourceTree = "<group>"; };
		AE974B362578AC3C00B5A5DE /* 종료!.png */ = {isa = PBXFileReference; lastKnownFileType = image.png; path = "종료!.png"; sourceTree = "<group>"; };
		AE974B3D2578AED100B5A5DE /* ready.png */ = {isa = PBXFileReference; lastKnownFileType = image.png; path = ready.png; sourceTree = "<group>"; };
		AE974B402578CE1600B5A5DE /* 경기천년제목OTF_Medium.otf */ = {isa = PBXFileReference; lastKnownFileType = file; path = "경기천년제목OTF_Medium.otf"; sourceTree = "<group>"; };
/* End PBXFileReference section */

/* Begin PBXFrameworksBuildPhase section */
		AE2DA36A2574C17300AC516B /* Frameworks */ = {
			isa = PBXFrameworksBuildPhase;
			buildActionMask = 2147483647;
			files = (
			);
			runOnlyForDeploymentPostprocessing = 0;
		};
/* End PBXFrameworksBuildPhase section */

/* Begin PBXGroup section */
		AE2DA3642574C17300AC516B = {
			isa = PBXGroup;
			children = (
				AE2DA36F2574C17300AC516B /* Rock Paper Scissors */,
				AE2DA36E2574C17300AC516B /* Products */,
			);
			sourceTree = "<group>";
		};
		AE2DA36E2574C17300AC516B /* Products */ = {
			isa = PBXGroup;
			children = (
				AE2DA36D2574C17300AC516B /* Rock Paper Scissors.app */,
			);
			name = Products;
			sourceTree = "<group>";
		};
		AE2DA36F2574C17300AC516B /* Rock Paper Scissors */ = {
			isa = PBXGroup;
			children = (
				AE974B432578CEE800B5A5DE /* file */,
				AE974B3D2578AED100B5A5DE /* ready.png */,
				AE974B21257897DF00B5A5DE /* 1.png */,
				AE974B27257897EE00B5A5DE /* 2.png */,
				AE974B2A2578983000B5A5DE /* 3.png */,
				AE974B362578AC3C00B5A5DE /* 종료!.png */,
				AE1DB31525796C9F005E4790 /* 너무 일찍 냈어.png */,
				AE1DB31225796B47005E4790 /* 너무 늦게 냈어.png */,
				AE1DB31825796CA7005E4790 /* 다시.png */,
				AE2DA3702574C17300AC516B /* AppDelegate.swift */,
				AE2DA3722574C17300AC516B /* SceneDelegate.swift */,
				AE2DA3742574C17300AC516B /* ViewController.swift */,
				AE1DB31C257990D1005E4790 /* MenuViewController.swift */,
				AE2DA3852574CAFC00AC516B /* Brain of RPC.swift */,
				AE2DA3762574C17300AC516B /* Main.storyboard */,
				AE2DA3792574C17400AC516B /* Assets.xcassets */,
				AE2DA37B2574C17400AC516B /* LaunchScreen.storyboard */,
				AE2DA37E2574C17400AC516B /* Info.plist */,
			);
			path = "Rock Paper Scissors";
			sourceTree = "<group>";
		};
		AE974B432578CEE800B5A5DE /* file */ = {
			isa = PBXGroup;
			children = (
				AE974B0F2578954300B5A5DE /* ready?!.png */,
				AE974B0A25788D7100B5A5DE /* READY?.png */,
				AE974B402578CE1600B5A5DE /* 경기천년제목OTF_Medium.otf */,
				AE1DB3092578CFA1005E4790 /* Bazzi OTF.otf */,
				AE1DB30C2578CFF5005E4790 /* Recipekorea 레코체 FONT.otf */,
			);
			path = file;
			sourceTree = "<group>";
		};
/* End PBXGroup section */

/* Begin PBXNativeTarget section */
		AE2DA36C2574C17300AC516B /* Rock Paper Scissors */ = {
			isa = PBXNativeTarget;
			buildConfigurationList = AE2DA3812574C17400AC516B /* Build configuration list for PBXNativeTarget "Rock Paper Scissors" */;
			buildPhases = (
				AE2DA3692574C17300AC516B /* Sources */,
				AE2DA36A2574C17300AC516B /* Frameworks */,
				AE2DA36B2574C17300AC516B /* Resources */,
			);
			buildRules = (
			);
			dependencies = (
			);
			name = "Rock Paper Scissors";
			productName = "Rock Paper Scissors";
			productReference = AE2DA36D2574C17300AC516B /* Rock Paper Scissors.app */;
			productType = "com.apple.product-type.application";
		};
/* End PBXNativeTarget section */

/* Begin PBXProject section */
		AE2DA3652574C17300AC516B /* Project object */ = {
			isa = PBXProject;
			attributes = {
				LastSwiftUpdateCheck = 1220;
				LastUpgradeCheck = 1220;
				TargetAttributes = {
					AE2DA36C2574C17300AC516B = {
						CreatedOnToolsVersion = 12.2;
					};
				};
			};
			buildConfigurationList = AE2DA3682574C17300AC516B /* Build configuration list for PBXProject "Rock Paper Scissors" */;
			compatibilityVersion = "Xcode 9.3";
			developmentRegion = en;
			hasScannedForEncodings = 0;
			knownRegions = (
				en,
				Base,
			);
			mainGroup = AE2DA3642574C17300AC516B;
			productRefGroup = AE2DA36E2574C17300AC516B /* Products */;
			projectDirPath = "";
			projectRoot = "";
			targets = (
				AE2DA36C2574C17300AC516B /* Rock Paper Scissors */,
			);
		};
/* End PBXProject section */

/* Begin PBXResourcesBuildPhase section */
		AE2DA36B2574C17300AC516B /* Resources */ = {
			isa = PBXResourcesBuildPhase;
			buildActionMask = 2147483647;
			files = (
				AE974B102578954300B5A5DE /* ready?!.png in Resources */,
				AE974B3E2578AED100B5A5DE /* ready.png in Resources */,
				AE974B412578CE1600B5A5DE /* 경기천년제목OTF_Medium.otf in Resources */,
				AE2DA37D2574C17400AC516B /* LaunchScreen.storyboard in Resources */,
				AE974B28257897EE00B5A5DE /* 2.png in Resources */,
				AE1DB31625796CA0005E4790 /* 너무 일찍 냈어.png in Resources */,
				AE1DB30A2578CFA1005E4790 /* Bazzi OTF.otf in Resources */,
				AE974B2B2578983000B5A5DE /* 3.png in Resources */,
				AE1DB31325796B47005E4790 /* 너무 늦게 냈어.png in Resources */,
				AE974B0B25788D7100B5A5DE /* READY?.png in Resources */,
				AE1DB30D2578CFF5005E4790 /* Recipekorea 레코체 FONT.otf in Resources */,
				AE2DA37A2574C17400AC516B /* Assets.xcassets in Resources */,
				AE974B372578AC3C00B5A5DE /* 종료!.png in Resources */,
				AE1DB31925796CA7005E4790 /* 다시.png in Resources */,
				AE2DA3782574C17300AC516B /* Main.storyboard in Resources */,
				AE974B23257897E000B5A5DE /* 1.png in Resources */,
			);
			runOnlyForDeploymentPostprocessing = 0;
		};
/* End PBXResourcesBuildPhase section */

/* Begin PBXSourcesBuildPhase section */
		AE2DA3692574C17300AC516B /* Sources */ = {
			isa = PBXSourcesBuildPhase;
			buildActionMask = 2147483647;
			files = (
				AE2DA3752574C17300AC516B /* ViewController.swift in Sources */,
				AE1DB31D257990D1005E4790 /* MenuViewController.swift in Sources */,
				AE2DA3712574C17300AC516B /* AppDelegate.swift in Sources */,
				AE2DA3732574C17300AC516B /* SceneDelegate.swift in Sources */,
				AE2DA3862574CAFC00AC516B /* Brain of RPC.swift in Sources */,
			);
			runOnlyForDeploymentPostprocessing = 0;
		};
/* End PBXSourcesBuildPhase section */

/* Begin PBXVariantGroup section */
		AE2DA3762574C17300AC516B /* Main.storyboard */ = {
			isa = PBXVariantGroup;
			children = (
				AE2DA3772574C17300AC516B /* Base */,
			);
			name = Main.storyboard;
			sourceTree = "<group>";
		};
		AE2DA37B2574C17400AC516B /* LaunchScreen.storyboard */ = {
			isa = PBXVariantGroup;
			children = (
				AE2DA37C2574C17400AC516B /* Base */,
			);
			name = LaunchScreen.storyboard;
			sourceTree = "<group>";
		};
/* End PBXVariantGroup section */

/* Begin XCBuildConfiguration section */
		AE2DA37F2574C17400AC516B /* Debug */ = {
			isa = XCBuildConfiguration;
			buildSettings = {
				ALWAYS_SEARCH_USER_PATHS = NO;
				CLANG_ANALYZER_NONNULL = YES;
				CLANG_ANALYZER_NUMBER_OBJECT_CONVERSION = YES_AGGRESSIVE;
				CLANG_CXX_LANGUAGE_STANDARD = "gnu++14";
				CLANG_CXX_LIBRARY = "libc++";
				CLANG_ENABLE_MODULES = YES;
				CLANG_ENABLE_OBJC_ARC = YES;
				CLANG_ENABLE_OBJC_WEAK = YES;
				CLANG_WARN_BLOCK_CAPTURE_AUTORELEASING = YES;
				CLANG_WARN_BOOL_CONVERSION = YES;
				CLANG_WARN_COMMA = YES;
				CLANG_WARN_CONSTANT_CONVERSION = YES;
				CLANG_WARN_DEPRECATED_OBJC_IMPLEMENTATIONS = YES;
				CLANG_WARN_DIRECT_OBJC_ISA_USAGE = YES_ERROR;
				CLANG_WARN_DOCUMENTATION_COMMENTS = YES;
				CLANG_WARN_EMPTY_BODY = YES;
				CLANG_WARN_ENUM_CONVERSION = YES;
				CLANG_WARN_INFINITE_RECURSION = YES;
				CLANG_WARN_INT_CONVERSION = YES;
				CLANG_WARN_NON_LITERAL_NULL_CONVERSION = YES;
				CLANG_WARN_OBJC_IMPLICIT_RETAIN_SELF = YES;
				CLANG_WARN_OBJC_LITERAL_CONVERSION = YES;
				CLANG_WARN_OBJC_ROOT_CLASS = YES_ERROR;
				CLANG_WARN_QUOTED_INCLUDE_IN_FRAMEWORK_HEADER = YES;
				CLANG_WARN_RANGE_LOOP_ANALYSIS = YES;
				CLANG_WARN_STRICT_PROTOTYPES = YES;
				CLANG_WARN_SUSPICIOUS_MOVE = YES;
				CLANG_WARN_UNGUARDED_AVAILABILITY = YES_AGGRESSIVE;
				CLANG_WARN_UNREACHABLE_CODE = YES;
				CLANG_WARN__DUPLICATE_METHOD_MATCH = YES;
				COPY_PHASE_STRIP = NO;
				DEBUG_INFORMATION_FORMAT = dwarf;
				ENABLE_STRICT_OBJC_MSGSEND = YES;
				ENABLE_TESTABILITY = YES;
				GCC_C_LANGUAGE_STANDARD = gnu11;
				GCC_DYNAMIC_NO_PIC = NO;
				GCC_NO_COMMON_BLOCKS = YES;
				GCC_OPTIMIZATION_LEVEL = 0;
				GCC_PREPROCESSOR_DEFINITIONS = (
					"DEBUG=1",
					"$(inherited)",
				);
				GCC_WARN_64_TO_32_BIT_CONVERSION = YES;
				GCC_WARN_ABOUT_RETURN_TYPE = YES_ERROR;
				GCC_WARN_UNDECLARED_SELECTOR = YES;
				GCC_WARN_UNINITIALIZED_AUTOS = YES_AGGRESSIVE;
				GCC_WARN_UNUSED_FUNCTION = YES;
				GCC_WARN_UNUSED_VARIABLE = YES;
				IPHONEOS_DEPLOYMENT_TARGET = 14.2;
				MTL_ENABLE_DEBUG_INFO = INCLUDE_SOURCE;
				MTL_FAST_MATH = YES;
				ONLY_ACTIVE_ARCH = YES;
				SDKROOT = iphoneos;
				SWIFT_ACTIVE_COMPILATION_CONDITIONS = DEBUG;
				SWIFT_OPTIMIZATION_LEVEL = "-Onone";
			};
			name = Debug;
		};
		AE2DA3802574C17400AC516B /* Release */ = {
			isa = XCBuildConfiguration;
			buildSettings = {
				ALWAYS_SEARCH_USER_PATHS = NO;
				CLANG_ANALYZER_NONNULL = YES;
				CLANG_ANALYZER_NUMBER_OBJECT_CONVERSION = YES_AGGRESSIVE;
				CLANG_CXX_LANGUAGE_STANDARD = "gnu++14";
				CLANG_CXX_LIBRARY = "libc++";
				CLANG_ENABLE_MODULES = YES;
				CLANG_ENABLE_OBJC_ARC = YES;
				CLANG_ENABLE_OBJC_WEAK = YES;
				CLANG_WARN_BLOCK_CAPTURE_AUTORELEASING = YES;
				CLANG_WARN_BOOL_CONVERSION = YES;
				CLANG_WARN_COMMA = YES;
				CLANG_WARN_CONSTANT_CONVERSION = YES;
				CLANG_WARN_DEPRECATED_OBJC_IMPLEMENTATIONS = YES;
				CLANG_WARN_DIRECT_OBJC_ISA_USAGE = YES_ERROR;
				CLANG_WARN_DOCUMENTATION_COMMENTS = YES;
				CLANG_WARN_EMPTY_BODY = YES;
				CLANG_WARN_ENUM_CONVERSION = YES;
				CLANG_WARN_INFINITE_RECURSION = YES;
				CLANG_WARN_INT_CONVERSION = YES;
				CLANG_WARN_NON_LITERAL_NULL_CONVERSION = YES;
				CLANG_WARN_OBJC_IMPLICIT_RETAIN_SELF = YES;
				CLANG_WARN_OBJC_LITERAL_CONVERSION = YES;
				CLANG_WARN_OBJC_ROOT_CLASS = YES_ERROR;
				CLANG_WARN_QUOTED_INCLUDE_IN_FRAMEWORK_HEADER = YES;
				CLANG_WARN_RANGE_LOOP_ANALYSIS = YES;
				CLANG_WARN_STRICT_PROTOTYPES = YES;
				CLANG_WARN_SUSPICIOUS_MOVE = YES;
				CLANG_WARN_UNGUARDED_AVAILABILITY = YES_AGGRESSIVE;
				CLANG_WARN_UNREACHABLE_CODE = YES;
				CLANG_WARN__DUPLICATE_METHOD_MATCH = YES;
				COPY_PHASE_STRIP = NO;
				DEBUG_INFORMATION_FORMAT = "dwarf-with-dsym";
				ENABLE_NS_ASSERTIONS = NO;
				ENABLE_STRICT_OBJC_MSGSEND = YES;
				GCC_C_LANGUAGE_STANDARD = gnu11;
				GCC_NO_COMMON_BLOCKS = YES;
				GCC_WARN_64_TO_32_BIT_CONVERSION = YES;
				GCC_WARN_ABOUT_RETURN_TYPE = YES_ERROR;
				GCC_WARN_UNDECLARED_SELECTOR = YES;
				GCC_WARN_UNINITIALIZED_AUTOS = YES_AGGRESSIVE;
				GCC_WARN_UNUSED_FUNCTION = YES;
				GCC_WARN_UNUSED_VARIABLE = YES;
				IPHONEOS_DEPLOYMENT_TARGET = 14.2;
				MTL_ENABLE_DEBUG_INFO = NO;
				MTL_FAST_MATH = YES;
				SDKROOT = iphoneos;
				SWIFT_COMPILATION_MODE = wholemodule;
				SWIFT_OPTIMIZATION_LEVEL = "-O";
				VALIDATE_PRODUCT = YES;
			};
			name = Release;
		};
		AE2DA3822574C17400AC516B /* Debug */ = {
			isa = XCBuildConfiguration;
			buildSettings = {
				ASSETCATALOG_COMPILER_APPICON_NAME = AppIcon;
				ASSETCATALOG_COMPILER_GLOBAL_ACCENT_COLOR_NAME = AccentColor;
				CODE_SIGN_STYLE = Automatic;
				DEVELOPMENT_TEAM = T79FMP6Q2L;
				INFOPLIST_FILE = "Rock Paper Scissors/Info.plist";
				LD_RUNPATH_SEARCH_PATHS = (
					"$(inherited)",
					"@executable_path/Frameworks",
				);
				PRODUCT_BUNDLE_IDENTIFIER = "cocoa.Lia.Rock-Paper-Scissors";
				PRODUCT_NAME = "$(TARGET_NAME)";
				SWIFT_VERSION = 5.0;
				TARGETED_DEVICE_FAMILY = "1,2";
			};
			name = Debug;
		};
		AE2DA3832574C17400AC516B /* Release */ = {
			isa = XCBuildConfiguration;
			buildSettings = {
				ASSETCATALOG_COMPILER_APPICON_NAME = AppIcon;
				ASSETCATALOG_COMPILER_GLOBAL_ACCENT_COLOR_NAME = AccentColor;
				CODE_SIGN_STYLE = Automatic;
				DEVELOPMENT_TEAM = T79FMP6Q2L;
				INFOPLIST_FILE = "Rock Paper Scissors/Info.plist";
				LD_RUNPATH_SEARCH_PATHS = (
					"$(inherited)",
					"@executable_path/Frameworks",
				);
				PRODUCT_BUNDLE_IDENTIFIER = "cocoa.Lia.Rock-Paper-Scissors";
				PRODUCT_NAME = "$(TARGET_NAME)";
				SWIFT_VERSION = 5.0;
				TARGETED_DEVICE_FAMILY = "1,2";
			};
			name = Release;
		};
/* End XCBuildConfiguration section */

/* Begin XCConfigurationList section */
		AE2DA3682574C17300AC516B /* Build configuration list for PBXProject "Rock Paper Scissors" */ = {
			isa = XCConfigurationList;
			buildConfigurations = (
				AE2DA37F2574C17400AC516B /* Debug */,
				AE2DA3802574C17400AC516B /* Release */,
			);
			defaultConfigurationIsVisible = 0;
			defaultConfigurationName = Release;
		};
		AE2DA3812574C17400AC516B /* Build configuration list for PBXNativeTarget "Rock Paper Scissors" */ = {
			isa = XCConfigurationList;
			buildConfigurations = (
				AE2DA3822574C17400AC516B /* Debug */,
				AE2DA3832574C17400AC516B /* Release */,
			);
			defaultConfigurationIsVisible = 0;
			defaultConfigurationName = Release;
		};
/* End XCConfigurationList section */
	};
	rootObject = AE2DA3652574C17300AC516B /* Project object */;
}
